
Microsoft Visual Studio Solution File, Format Version 12.00
# Visual Studio 15
VisualStudioVersion = 15.0.28307.489
MinimumVisualStudioVersion = 10.0.40219.1
Project("{2150E333-8FDC-42A3-9474-1A3956D46DE8}") = "source", "source", "{C998FC60-7879-487A-A90A-34CD805855CE}"
EndProject
Project("{FAE04EC0-301F-11D3-BF4B-00C04F79EFBC}") = "GraylesPlus", "source\GraylesPlus\GraylesPlus.csproj", "{BE132853-492C-44C0-9763-7B8F083F912D}"
EndProject
Project("{FAE04EC0-301F-11D3-BF4B-00C04F79EFBC}") = "GraylesPlusTests", "source\GraylesPlusTests\GraylesPlusTests.csproj", "{F61491CD-9824-4338-8800-4F475B9C641D}"
EndProject
Project("{FAE04EC0-301F-11D3-BF4B-00C04F79EFBC}") = "GraylesCLI", "source\GraylesCLI\GraylesCLI.csproj", "{E98EDE17-1558-4166-91B7-2EA7ADFD89B7}"
EndProject
Global
	GlobalSection(SolutionProperties) = preSolution
		HideSolutionNode = FALSE
	EndGlobalSection
	GlobalSection(ExtensibilityGlobals) = postSolution
		SolutionGuid = {5A5109E6-192D-4469-A590-07E833EFC94E}
	EndGlobalSection
	GlobalSection(SolutionConfigurationPlatforms) = preSolution
		Debug|Any CPU = Debug|Any CPU
		Debug|x64 = Debug|x64
		Debug|x86 = Debug|x86
		Release|Any CPU = Release|Any CPU
		Release|x64 = Release|x64
		Release|x86 = Release|x86
	EndGlobalSection
	GlobalSection(ProjectConfigurationPlatforms) = postSolution
		{BE132853-492C-44C0-9763-7B8F083F912D}.Debug|Any CPU.ActiveCfg = Debug|Any CPU
		{BE132853-492C-44C0-9763-7B8F083F912D}.Debug|Any CPU.Build.0 = Debug|Any CPU
		{BE132853-492C-44C0-9763-7B8F083F912D}.Debug|x64.ActiveCfg = Debug|Any CPU
		{BE132853-492C-44C0-9763-7B8F083F912D}.Debug|x64.Build.0 = Debug|Any CPU
		{BE132853-492C-44C0-9763-7B8F083F912D}.Debug|x86.ActiveCfg = Debug|Any CPU
		{BE132853-492C-44C0-9763-7B8F083F912D}.Debug|x86.Build.0 = Debug|Any CPU
		{BE132853-492C-44C0-9763-7B8F083F912D}.Release|Any CPU.ActiveCfg = Release|Any CPU
		{BE132853-492C-44C0-9763-7B8F083F912D}.Release|Any CPU.Build.0 = Release|Any CPU
		{BE132853-492C-44C0-9763-7B8F083F912D}.Release|x64.ActiveCfg = Release|Any CPU
		{BE132853-492C-44C0-9763-7B8F083F912D}.Release|x64.Build.0 = Release|Any CPU
		{BE132853-492C-44C0-9763-7B8F083F912D}.Release|x86.ActiveCfg = Release|Any CPU
		{BE132853-492C-44C0-9763-7B8F083F912D}.Release|x86.Build.0 = Release|Any CPU
		{F61491CD-9824-4338-8800-4F475B9C641D}.Debug|Any CPU.ActiveCfg = Debug|Any CPU
		{F61491CD-9824-4338-8800-4F475B9C641D}.Debug|Any CPU.Build.0 = Debug|Any CPU
		{F61491CD-9824-4338-8800-4F475B9C641D}.Debug|x64.ActiveCfg = Debug|Any CPU
		{F61491CD-9824-4338-8800-4F475B9C641D}.Debug|x64.Build.0 = Debug|Any CPU
		{F61491CD-9824-4338-8800-4F475B9C641D}.Debug|x86.ActiveCfg = Debug|Any CPU
		{F61491CD-9824-4338-8800-4F475B9C641D}.Debug|x86.Build.0 = Debug|Any CPU
		{F61491CD-9824-4338-8800-4F475B9C641D}.Release|Any CPU.ActiveCfg = Release|Any CPU
		{F61491CD-9824-4338-8800-4F475B9C641D}.Release|Any CPU.Build.0 = Release|Any CPU
		{F61491CD-9824-4338-8800-4F475B9C641D}.Release|x64.ActiveCfg = Release|Any CPU
		{F61491CD-9824-4338-8800-4F475B9C641D}.Release|x64.Build.0 = Release|Any CPU
		{F61491CD-9824-4338-8800-4F475B9C641D}.Release|x86.ActiveCfg = Release|Any CPU
		{F61491CD-9824-4338-8800-4F475B9C641D}.Release|x86.Build.0 = Release|Any CPU
		{E98EDE17-1558-4166-91B7-2EA7ADFD89B7}.Debug|Any CPU.ActiveCfg = Debug|Any CPU
		{E98EDE17-1558-4166-91B7-2EA7ADFD89B7}.Debug|Any CPU.Build.0 = Debug|Any CPU
		{E98EDE17-1558-4166-91B7-2EA7ADFD89B7}.Debug|x64.ActiveCfg = Debug|Any CPU
		{E98EDE17-1558-4166-91B7-2EA7ADFD89B7}.Debug|x64.Build.0 = Debug|Any CPU
		{E98EDE17-1558-4166-91B7-2EA7ADFD89B7}.Debug|x86.ActiveCfg = Debug|Any CPU
		{E98EDE17-1558-4166-91B7-2EA7ADFD89B7}.Debug|x86.Build.0 = Debug|Any CPU
		{E98EDE17-1558-4166-91B7-2EA7ADFD89B7}.Release|Any CPU.ActiveCfg = Release|Any CPU
		{E98EDE17-1558-4166-91B7-2EA7ADFD89B7}.Release|Any CPU.Build.0 = Release|Any CPU
		{E98EDE17-1558-4166-91B7-2EA7ADFD89B7}.Release|x64.ActiveCfg = Release|Any CPU
		{E98EDE17-1558-4166-91B7-2EA7ADFD89B7}.Release|x64.Build.0 = Release|Any CPU
		{E98EDE17-1558-4166-91B7-2EA7ADFD89B7}.Release|x86.ActiveCfg = Release|Any CPU
		{E98EDE17-1558-4166-91B7-2EA7ADFD89B7}.Release|x86.Build.0 = Release|Any CPU
	EndGlobalSection
	GlobalSection(NestedProjects) = preSolution
		{BE132853-492C-44C0-9763-7B8F083F912D} = {C998FC60-7879-487A-A90A-34CD805855CE}
		{F61491CD-9824-4338-8800-4F475B9C641D} = {C998FC60-7879-487A-A90A-34CD805855CE}
		{E98EDE17-1558-4166-91B7-2EA7ADFD89B7} = {C998FC60-7879-487A-A90A-34CD805855CE}
	EndGlobalSection
EndGlobal
